// !$*UTF8*$!
{
	archiveVersion = 1;
	classes = {
	};
	objectVersion = 56;
	objects = {

/* Begin PBXBuildFile section */
		5D713EAA2AE8FCCA00B9E9B8 /* KeychainSwift in Frameworks */ = {isa = PBXBuildFile; productRef = 5D713EA92AE8FCCA00B9E9B8 /* KeychainSwift */; };
		5DD06FBC2AE6F84000AC3ECB /* AppDelegate.swift in Sources */ = {isa = PBXBuildFile; fileRef = 5DD06FBB2AE6F84000AC3ECB /* AppDelegate.swift */; };
		5DD06FBE2AE6F84000AC3ECB /* SceneDelegate.swift in Sources */ = {isa = PBXBuildFile; fileRef = 5DD06FBD2AE6F84000AC3ECB /* SceneDelegate.swift */; };
		5DD06FC02AE6F84000AC3ECB /* LoginViewController.swift in Sources */ = {isa = PBXBuildFile; fileRef = 5DD06FBF2AE6F84000AC3ECB /* LoginViewController.swift */; };
		5DD06FC32AE6F84000AC3ECB /* Main.storyboard in Resources */ = {isa = PBXBuildFile; fileRef = 5DD06FC12AE6F84000AC3ECB /* Main.storyboard */; };
		5DD06FC62AE6F84000AC3ECB /* KP_DragonBall_iOSAdvanced.xcdatamodeld in Sources */ = {isa = PBXBuildFile; fileRef = 5DD06FC42AE6F84000AC3ECB /* KP_DragonBall_iOSAdvanced.xcdatamodeld */; };
		5DD06FC82AE6F84100AC3ECB /* Assets.xcassets in Resources */ = {isa = PBXBuildFile; fileRef = 5DD06FC72AE6F84100AC3ECB /* Assets.xcassets */; };
		5DD06FCB2AE6F84100AC3ECB /* LaunchScreen.storyboard in Resources */ = {isa = PBXBuildFile; fileRef = 5DD06FC92AE6F84100AC3ECB /* LaunchScreen.storyboard */; };
		5DD06FD62AE6F84200AC3ECB /* KP_DragonBall_iOSAdvancedTests.swift in Sources */ = {isa = PBXBuildFile; fileRef = 5DD06FD52AE6F84200AC3ECB /* KP_DragonBall_iOSAdvancedTests.swift */; };
		5DD06FE02AE6F84200AC3ECB /* KP_DragonBall_iOSAdvancedUITests.swift in Sources */ = {isa = PBXBuildFile; fileRef = 5DD06FDF2AE6F84200AC3ECB /* KP_DragonBall_iOSAdvancedUITests.swift */; };
		5DD06FE22AE6F84200AC3ECB /* KP_DragonBall_iOSAdvancedUITestsLaunchTests.swift in Sources */ = {isa = PBXBuildFile; fileRef = 5DD06FE12AE6F84200AC3ECB /* KP_DragonBall_iOSAdvancedUITestsLaunchTests.swift */; };
		5DF8062A2AE812AC001CA7C9 /* LoginViewModel.swift in Sources */ = {isa = PBXBuildFile; fileRef = 5DF806292AE812AC001CA7C9 /* LoginViewModel.swift */; };
/* End PBXBuildFile section */

/* Begin PBXContainerItemProxy section */
		5DD06FD22AE6F84200AC3ECB /* PBXContainerItemProxy */ = {
			isa = PBXContainerItemProxy;
			containerPortal = 5DD06FB02AE6F84000AC3ECB /* Project object */;
			proxyType = 1;
			remoteGlobalIDString = 5DD06FB72AE6F84000AC3ECB;
			remoteInfo = "KP-DragonBall-iOSAdvanced";
		};
		5DD06FDC2AE6F84200AC3ECB /* PBXContainerItemProxy */ = {
			isa = PBXContainerItemProxy;
			containerPortal = 5DD06FB02AE6F84000AC3ECB /* Project object */;
			proxyType = 1;
			remoteGlobalIDString = 5DD06FB72AE6F84000AC3ECB;
			remoteInfo = "KP-DragonBall-iOSAdvanced";
		};
/* End PBXContainerItemProxy section */

/* Begin PBXFileReference section */
		5DD06FB82AE6F84000AC3ECB /* KP-DragonBall-iOSAdvanced.app */ = {isa = PBXFileReference; explicitFileType = wrapper.application; includeInIndex = 0; path = "KP-DragonBall-iOSAdvanced.app"; sourceTree = BUILT_PRODUCTS_DIR; };
		5DD06FBB2AE6F84000AC3ECB /* AppDelegate.swift */ = {isa = PBXFileReference; lastKnownFileType = sourcecode.swift; path = AppDelegate.swift; sourceTree = "<group>"; };
		5DD06FBD2AE6F84000AC3ECB /* SceneDelegate.swift */ = {isa = PBXFileReference; lastKnownFileType = sourcecode.swift; path = SceneDelegate.swift; sourceTree = "<group>"; };
		5DD06FBF2AE6F84000AC3ECB /* LoginViewController.swift */ = {isa = PBXFileReference; lastKnownFileType = sourcecode.swift; path = LoginViewController.swift; sourceTree = "<group>"; };
		5DD06FC22AE6F84000AC3ECB /* Base */ = {isa = PBXFileReference; lastKnownFileType = file.storyboard; name = Base; path = Base.lproj/Main.storyboard; sourceTree = "<group>"; };
		5DD06FC52AE6F84000AC3ECB /* KP_DragonBall_iOSAdvanced.xcdatamodel */ = {isa = PBXFileReference; lastKnownFileType = wrapper.xcdatamodel; path = KP_DragonBall_iOSAdvanced.xcdatamodel; sourceTree = "<group>"; };
		5DD06FC72AE6F84100AC3ECB /* Assets.xcassets */ = {isa = PBXFileReference; lastKnownFileType = folder.assetcatalog; path = Assets.xcassets; sourceTree = "<group>"; };
		5DD06FCA2AE6F84100AC3ECB /* Base */ = {isa = PBXFileReference; lastKnownFileType = file.storyboard; name = Base; path = Base.lproj/LaunchScreen.storyboard; sourceTree = "<group>"; };
		5DD06FCC2AE6F84100AC3ECB /* Info.plist */ = {isa = PBXFileReference; lastKnownFileType = text.plist.xml; path = Info.plist; sourceTree = "<group>"; };
		5DD06FD12AE6F84200AC3ECB /* KP-DragonBall-iOSAdvancedTests.xctest */ = {isa = PBXFileReference; explicitFileType = wrapper.cfbundle; includeInIndex = 0; path = "KP-DragonBall-iOSAdvancedTests.xctest"; sourceTree = BUILT_PRODUCTS_DIR; };
		5DD06FD52AE6F84200AC3ECB /* KP_DragonBall_iOSAdvancedTests.swift */ = {isa = PBXFileReference; lastKnownFileType = sourcecode.swift; path = KP_DragonBall_iOSAdvancedTests.swift; sourceTree = "<group>"; };
		5DD06FDB2AE6F84200AC3ECB /* KP-DragonBall-iOSAdvancedUITests.xctest */ = {isa = PBXFileReference; explicitFileType = wrapper.cfbundle; includeInIndex = 0; path = "KP-DragonBall-iOSAdvancedUITests.xctest"; sourceTree = BUILT_PRODUCTS_DIR; };
		5DD06FDF2AE6F84200AC3ECB /* KP_DragonBall_iOSAdvancedUITests.swift */ = {isa = PBXFileReference; lastKnownFileType = sourcecode.swift; path = KP_DragonBall_iOSAdvancedUITests.swift; sourceTree = "<group>"; };
		5DD06FE12AE6F84200AC3ECB /* KP_DragonBall_iOSAdvancedUITestsLaunchTests.swift */ = {isa = PBXFileReference; lastKnownFileType = sourcecode.swift; path = KP_DragonBall_iOSAdvancedUITestsLaunchTests.swift; sourceTree = "<group>"; };
		5DF806292AE812AC001CA7C9 /* LoginViewModel.swift */ = {isa = PBXFileReference; lastKnownFileType = sourcecode.swift; path = LoginViewModel.swift; sourceTree = "<group>"; };
/* End PBXFileReference section */

/* Begin PBXFrameworksBuildPhase section */
		5DD06FB52AE6F84000AC3ECB /* Frameworks */ = {
			isa = PBXFrameworksBuildPhase;
			buildActionMask = 2147483647;
			files = (
				5D713EAA2AE8FCCA00B9E9B8 /* KeychainSwift in Frameworks */,
			);
			runOnlyForDeploymentPostprocessing = 0;
		};
		5DD06FCE2AE6F84200AC3ECB /* Frameworks */ = {
			isa = PBXFrameworksBuildPhase;
			buildActionMask = 2147483647;
			files = (
			);
			runOnlyForDeploymentPostprocessing = 0;
		};
		5DD06FD82AE6F84200AC3ECB /* Frameworks */ = {
			isa = PBXFrameworksBuildPhase;
			buildActionMask = 2147483647;
			files = (
			);
			runOnlyForDeploymentPostprocessing = 0;
		};
/* End PBXFrameworksBuildPhase section */

/* Begin PBXGroup section */
		5DD06FAF2AE6F84000AC3ECB = {
			isa = PBXGroup;
			children = (
				5DD06FBA2AE6F84000AC3ECB /* KP-DragonBall-iOSAdvanced */,
				5DD06FD42AE6F84200AC3ECB /* KP-DragonBall-iOSAdvancedTests */,
				5DD06FDE2AE6F84200AC3ECB /* KP-DragonBall-iOSAdvancedUITests */,
				5DD06FB92AE6F84000AC3ECB /* Products */,
			);
			sourceTree = "<group>";
		};
		5DD06FB92AE6F84000AC3ECB /* Products */ = {
			isa = PBXGroup;
			children = (
				5DD06FB82AE6F84000AC3ECB /* KP-DragonBall-iOSAdvanced.app */,
				5DD06FD12AE6F84200AC3ECB /* KP-DragonBall-iOSAdvancedTests.xctest */,
				5DD06FDB2AE6F84200AC3ECB /* KP-DragonBall-iOSAdvancedUITests.xctest */,
			);
			name = Products;
			sourceTree = "<group>";
		};
		5DD06FBA2AE6F84000AC3ECB /* KP-DragonBall-iOSAdvanced */ = {
			isa = PBXGroup;
			children = (
				5DD06FBB2AE6F84000AC3ECB /* AppDelegate.swift */,
				5DD06FBD2AE6F84000AC3ECB /* SceneDelegate.swift */,
				5DD06FCC2AE6F84100AC3ECB /* Info.plist */,
				5DF8061E2AE808D8001CA7C9 /* Data */,
				5DF8061D2AE808D3001CA7C9 /* Resources */,
				5DF8061A2AE808C4001CA7C9 /* Presentation */,
			);
			path = "KP-DragonBall-iOSAdvanced";
			sourceTree = "<group>";
		};
		5DD06FD42AE6F84200AC3ECB /* KP-DragonBall-iOSAdvancedTests */ = {
			isa = PBXGroup;
			children = (
				5DD06FD52AE6F84200AC3ECB /* KP_DragonBall_iOSAdvancedTests.swift */,
			);
			path = "KP-DragonBall-iOSAdvancedTests";
			sourceTree = "<group>";
		};
		5DD06FDE2AE6F84200AC3ECB /* KP-DragonBall-iOSAdvancedUITests */ = {
			isa = PBXGroup;
			children = (
				5DD06FDF2AE6F84200AC3ECB /* KP_DragonBall_iOSAdvancedUITests.swift */,
				5DD06FE12AE6F84200AC3ECB /* KP_DragonBall_iOSAdvancedUITestsLaunchTests.swift */,
			);
			path = "KP-DragonBall-iOSAdvancedUITests";
			sourceTree = "<group>";
		};
		5DF8061A2AE808C4001CA7C9 /* Presentation */ = {
			isa = PBXGroup;
			children = (
				5DD06FC12AE6F84000AC3ECB /* Main.storyboard */,
				5DF806242AE80959001CA7C9 /* Launch */,
				5DF806262AE8099D001CA7C9 /* Login */,
			);
			path = Presentation;
			sourceTree = "<group>";
		};
		5DF8061D2AE808D3001CA7C9 /* Resources */ = {
			isa = PBXGroup;
			children = (
				5DD06FC72AE6F84100AC3ECB /* Assets.xcassets */,
			);
			path = Resources;
			sourceTree = "<group>";
		};
		5DF8061E2AE808D8001CA7C9 /* Data */ = {
			isa = PBXGroup;
			children = (
				5DF806222AE8093A001CA7C9 /* Api */,
				5DF806212AE80936001CA7C9 /* Local */,
				5DD06FC42AE6F84000AC3ECB /* KP_DragonBall_iOSAdvanced.xcdatamodeld */,
			);
			path = Data;
			sourceTree = "<group>";
		};
		5DF806212AE80936001CA7C9 /* Local */ = {
			isa = PBXGroup;
			children = (
			);
			path = Local;
			sourceTree = "<group>";
		};
		5DF806222AE8093A001CA7C9 /* Api */ = {
			isa = PBXGroup;
			children = (
			);
			path = Api;
			sourceTree = "<group>";
		};
		5DF806242AE80959001CA7C9 /* Launch */ = {
			isa = PBXGroup;
			children = (
				5DD06FC92AE6F84100AC3ECB /* LaunchScreen.storyboard */,
			);
			path = Launch;
			sourceTree = "<group>";
		};
		5DF806262AE8099D001CA7C9 /* Login */ = {
			isa = PBXGroup;
			children = (
				5DD06FBF2AE6F84000AC3ECB /* LoginViewController.swift */,
				5DF806292AE812AC001CA7C9 /* LoginViewModel.swift */,
			);
			path = Login;
			sourceTree = "<group>";
		};
/* End PBXGroup section */

/* Begin PBXNativeTarget section */
		5DD06FB72AE6F84000AC3ECB /* KP-DragonBall-iOSAdvanced */ = {
			isa = PBXNativeTarget;
			buildConfigurationList = 5DD06FE52AE6F84200AC3ECB /* Build configuration list for PBXNativeTarget "KP-DragonBall-iOSAdvanced" */;
			buildPhases = (
				5DD06FB42AE6F84000AC3ECB /* Sources */,
				5DD06FB52AE6F84000AC3ECB /* Frameworks */,
				5DD06FB62AE6F84000AC3ECB /* Resources */,
			);
			buildRules = (
			);
			dependencies = (
			);
			name = "KP-DragonBall-iOSAdvanced";
			packageProductDependencies = (
				5D713EA92AE8FCCA00B9E9B8 /* KeychainSwift */,
			);
			productName = "KP-DragonBall-iOSAdvanced";
			productReference = 5DD06FB82AE6F84000AC3ECB /* KP-DragonBall-iOSAdvanced.app */;
			productType = "com.apple.product-type.application";
		};
		5DD06FD02AE6F84200AC3ECB /* KP-DragonBall-iOSAdvancedTests */ = {
			isa = PBXNativeTarget;
			buildConfigurationList = 5DD06FE82AE6F84200AC3ECB /* Build configuration list for PBXNativeTarget "KP-DragonBall-iOSAdvancedTests" */;
			buildPhases = (
				5DD06FCD2AE6F84200AC3ECB /* Sources */,
				5DD06FCE2AE6F84200AC3ECB /* Frameworks */,
				5DD06FCF2AE6F84200AC3ECB /* Resources */,
			);
			buildRules = (
			);
			dependencies = (
				5DD06FD32AE6F84200AC3ECB /* PBXTargetDependency */,
			);
			name = "KP-DragonBall-iOSAdvancedTests";
			productName = "KP-DragonBall-iOSAdvancedTests";
			productReference = 5DD06FD12AE6F84200AC3ECB /* KP-DragonBall-iOSAdvancedTests.xctest */;
			productType = "com.apple.product-type.bundle.unit-test";
		};
		5DD06FDA2AE6F84200AC3ECB /* KP-DragonBall-iOSAdvancedUITests */ = {
			isa = PBXNativeTarget;
			buildConfigurationList = 5DD06FEB2AE6F84200AC3ECB /* Build configuration list for PBXNativeTarget "KP-DragonBall-iOSAdvancedUITests" */;
			buildPhases = (
				5DD06FD72AE6F84200AC3ECB /* Sources */,
				5DD06FD82AE6F84200AC3ECB /* Frameworks */,
				5DD06FD92AE6F84200AC3ECB /* Resources */,
			);
			buildRules = (
			);
			dependencies = (
				5DD06FDD2AE6F84200AC3ECB /* PBXTargetDependency */,
			);
			name = "KP-DragonBall-iOSAdvancedUITests";
			productName = "KP-DragonBall-iOSAdvancedUITests";
			productReference = 5DD06FDB2AE6F84200AC3ECB /* KP-DragonBall-iOSAdvancedUITests.xctest */;
			productType = "com.apple.product-type.bundle.ui-testing";
		};
/* End PBXNativeTarget section */

/* Begin PBXProject section */
		5DD06FB02AE6F84000AC3ECB /* Project object */ = {
			isa = PBXProject;
			attributes = {
				BuildIndependentTargetsInParallel = 1;
				LastSwiftUpdateCheck = 1500;
				LastUpgradeCheck = 1500;
				TargetAttributes = {
					5DD06FB72AE6F84000AC3ECB = {
						CreatedOnToolsVersion = 15.0.1;
					};
					5DD06FD02AE6F84200AC3ECB = {
						CreatedOnToolsVersion = 15.0.1;
						TestTargetID = 5DD06FB72AE6F84000AC3ECB;
					};
					5DD06FDA2AE6F84200AC3ECB = {
						CreatedOnToolsVersion = 15.0.1;
						TestTargetID = 5DD06FB72AE6F84000AC3ECB;
					};
				};
			};
			buildConfigurationList = 5DD06FB32AE6F84000AC3ECB /* Build configuration list for PBXProject "KP-DragonBall-iOSAdvanced" */;
			compatibilityVersion = "Xcode 14.0";
			developmentRegion = en;
			hasScannedForEncodings = 0;
			knownRegions = (
				en,
				Base,
			);
			mainGroup = 5DD06FAF2AE6F84000AC3ECB;
			packageReferences = (
				5D713EA82AE8FCCA00B9E9B8 /* XCRemoteSwiftPackageReference "keychain-swift" */,
			);
			productRefGroup = 5DD06FB92AE6F84000AC3ECB /* Products */;
			projectDirPath = "";
			projectRoot = "";
			targets = (
				5DD06FB72AE6F84000AC3ECB /* KP-DragonBall-iOSAdvanced */,
				5DD06FD02AE6F84200AC3ECB /* KP-DragonBall-iOSAdvancedTests */,
				5DD06FDA2AE6F84200AC3ECB /* KP-DragonBall-iOSAdvancedUITests */,
			);
		};
/* End PBXProject section */

/* Begin PBXResourcesBuildPhase section */
		5DD06FB62AE6F84000AC3ECB /* Resources */ = {
			isa = PBXResourcesBuildPhase;
			buildActionMask = 2147483647;
			files = (
				5DD06FCB2AE6F84100AC3ECB /* LaunchScreen.storyboard in Resources */,
				5DD06FC82AE6F84100AC3ECB /* Assets.xcassets in Resources */,
				5DD06FC32AE6F84000AC3ECB /* Main.storyboard in Resources */,
			);
			runOnlyForDeploymentPostprocessing = 0;
		};
		5DD06FCF2AE6F84200AC3ECB /* Resources */ = {
			isa = PBXResourcesBuildPhase;
			buildActionMask = 2147483647;
			files = (
			);
			runOnlyForDeploymentPostprocessing = 0;
		};
		5DD06FD92AE6F84200AC3ECB /* Resources */ = {
			isa = PBXResourcesBuildPhase;
			buildActionMask = 2147483647;
			files = (
			);
			runOnlyForDeploymentPostprocessing = 0;
		};
/* End PBXResourcesBuildPhase section */

/* Begin PBXSourcesBuildPhase section */
		5DD06FB42AE6F84000AC3ECB /* Sources */ = {
			isa = PBXSourcesBuildPhase;
			buildActionMask = 2147483647;
			files = (
				5DD06FC02AE6F84000AC3ECB /* LoginViewController.swift in Sources */,
				5DD06FBC2AE6F84000AC3ECB /* AppDelegate.swift in Sources */,
				5DD06FC62AE6F84000AC3ECB /* KP_DragonBall_iOSAdvanced.xcdatamodeld in Sources */,
				5DF8062A2AE812AC001CA7C9 /* LoginViewModel.swift in Sources */,
				5DD06FBE2AE6F84000AC3ECB /* SceneDelegate.swift in Sources */,
			);
			runOnlyForDeploymentPostprocessing = 0;
		};
		5DD06FCD2AE6F84200AC3ECB /* Sources */ = {
			isa = PBXSourcesBuildPhase;
			buildActionMask = 2147483647;
			files = (
				5DD06FD62AE6F84200AC3ECB /* KP_DragonBall_iOSAdvancedTests.swift in Sources */,
			);
			runOnlyForDeploymentPostprocessing = 0;
		};
		5DD06FD72AE6F84200AC3ECB /* Sources */ = {
			isa = PBXSourcesBuildPhase;
			buildActionMask = 2147483647;
			files = (
				5DD06FE02AE6F84200AC3ECB /* KP_DragonBall_iOSAdvancedUITests.swift in Sources */,
				5DD06FE22AE6F84200AC3ECB /* KP_DragonBall_iOSAdvancedUITestsLaunchTests.swift in Sources */,
			);
			runOnlyForDeploymentPostprocessing = 0;
		};
/* End PBXSourcesBuildPhase section */

/* Begin PBXTargetDependency section */
		5DD06FD32AE6F84200AC3ECB /* PBXTargetDependency */ = {
			isa = PBXTargetDependency;
			target = 5DD06FB72AE6F84000AC3ECB /* KP-DragonBall-iOSAdvanced */;
			targetProxy = 5DD06FD22AE6F84200AC3ECB /* PBXContainerItemProxy */;
		};
		5DD06FDD2AE6F84200AC3ECB /* PBXTargetDependency */ = {
			isa = PBXTargetDependency;
			target = 5DD06FB72AE6F84000AC3ECB /* KP-DragonBall-iOSAdvanced */;
			targetProxy = 5DD06FDC2AE6F84200AC3ECB /* PBXContainerItemProxy */;
		};
/* End PBXTargetDependency section */

/* Begin PBXVariantGroup section */
		5DD06FC12AE6F84000AC3ECB /* Main.storyboard */ = {
			isa = PBXVariantGroup;
			children = (
				5DD06FC22AE6F84000AC3ECB /* Base */,
			);
			name = Main.storyboard;
			sourceTree = "<group>";
		};
		5DD06FC92AE6F84100AC3ECB /* LaunchScreen.storyboard */ = {
			isa = PBXVariantGroup;
			children = (
				5DD06FCA2AE6F84100AC3ECB /* Base */,
			);
			name = LaunchScreen.storyboard;
			sourceTree = "<group>";
		};
/* End PBXVariantGroup section */

/* Begin XCBuildConfiguration section */
		5DD06FE32AE6F84200AC3ECB /* Debug */ = {
			isa = XCBuildConfiguration;
			buildSettings = {
				ALWAYS_SEARCH_USER_PATHS = NO;
				ASSETCATALOG_COMPILER_GENERATE_SWIFT_ASSET_SYMBOL_EXTENSIONS = YES;
				CLANG_ANALYZER_NONNULL = YES;
				CLANG_ANALYZER_NUMBER_OBJECT_CONVERSION = YES_AGGRESSIVE;
				CLANG_CXX_LANGUAGE_STANDARD = "gnu++20";
				CLANG_ENABLE_MODULES = YES;
				CLANG_ENABLE_OBJC_ARC = YES;
				CLANG_ENABLE_OBJC_WEAK = YES;
				CLANG_WARN_BLOCK_CAPTURE_AUTORELEASING = YES;
				CLANG_WARN_BOOL_CONVERSION = YES;
				CLANG_WARN_COMMA = YES;
				CLANG_WARN_CONSTANT_CONVERSION = YES;
				CLANG_WARN_DEPRECATED_OBJC_IMPLEMENTATIONS = YES;
				CLANG_WARN_DIRECT_OBJC_ISA_USAGE = YES_ERROR;
				CLANG_WARN_DOCUMENTATION_COMMENTS = YES;
				CLANG_WARN_EMPTY_BODY = YES;
				CLANG_WARN_ENUM_CONVERSION = YES;
				CLANG_WARN_INFINITE_RECURSION = YES;
				CLANG_WARN_INT_CONVERSION = YES;
				CLANG_WARN_NON_LITERAL_NULL_CONVERSION = YES;
				CLANG_WARN_OBJC_IMPLICIT_RETAIN_SELF = YES;
				CLANG_WARN_OBJC_LITERAL_CONVERSION = YES;
				CLANG_WARN_OBJC_ROOT_CLASS = YES_ERROR;
				CLANG_WARN_QUOTED_INCLUDE_IN_FRAMEWORK_HEADER = YES;
				CLANG_WARN_RANGE_LOOP_ANALYSIS = YES;
				CLANG_WARN_STRICT_PROTOTYPES = YES;
				CLANG_WARN_SUSPICIOUS_MOVE = YES;
				CLANG_WARN_UNGUARDED_AVAILABILITY = YES_AGGRESSIVE;
				CLANG_WARN_UNREACHABLE_CODE = YES;
				CLANG_WARN__DUPLICATE_METHOD_MATCH = YES;
				COPY_PHASE_STRIP = NO;
				DEBUG_INFORMATION_FORMAT = dwarf;
				ENABLE_STRICT_OBJC_MSGSEND = YES;
				ENABLE_TESTABILITY = YES;
				ENABLE_USER_SCRIPT_SANDBOXING = YES;
				GCC_C_LANGUAGE_STANDARD = gnu17;
				GCC_DYNAMIC_NO_PIC = NO;
				GCC_NO_COMMON_BLOCKS = YES;
				GCC_OPTIMIZATION_LEVEL = 0;
				GCC_PREPROCESSOR_DEFINITIONS = (
					"DEBUG=1",
					"$(inherited)",
				);
				GCC_WARN_64_TO_32_BIT_CONVERSION = YES;
				GCC_WARN_ABOUT_RETURN_TYPE = YES_ERROR;
				GCC_WARN_UNDECLARED_SELECTOR = YES;
				GCC_WARN_UNINITIALIZED_AUTOS = YES_AGGRESSIVE;
				GCC_WARN_UNUSED_FUNCTION = YES;
				GCC_WARN_UNUSED_VARIABLE = YES;
				IPHONEOS_DEPLOYMENT_TARGET = 17.0;
				LOCALIZATION_PREFERS_STRING_CATALOGS = YES;
				MTL_ENABLE_DEBUG_INFO = INCLUDE_SOURCE;
				MTL_FAST_MATH = YES;
				ONLY_ACTIVE_ARCH = YES;
				SDKROOT = iphoneos;
				SWIFT_ACTIVE_COMPILATION_CONDITIONS = "DEBUG $(inherited)";
				SWIFT_OPTIMIZATION_LEVEL = "-Onone";
			};
			name = Debug;
		};
		5DD06FE42AE6F84200AC3ECB /* Release */ = {
			isa = XCBuildConfiguration;
			buildSettings = {
				ALWAYS_SEARCH_USER_PATHS = NO;
				ASSETCATALOG_COMPILER_GENERATE_SWIFT_ASSET_SYMBOL_EXTENSIONS = YES;
				CLANG_ANALYZER_NONNULL = YES;
				CLANG_ANALYZER_NUMBER_OBJECT_CONVERSION = YES_AGGRESSIVE;
				CLANG_CXX_LANGUAGE_STANDARD = "gnu++20";
				CLANG_ENABLE_MODULES = YES;
				CLANG_ENABLE_OBJC_ARC = YES;
				CLANG_ENABLE_OBJC_WEAK = YES;
				CLANG_WARN_BLOCK_CAPTURE_AUTORELEASING = YES;
				CLANG_WARN_BOOL_CONVERSION = YES;
				CLANG_WARN_COMMA = YES;
				CLANG_WARN_CONSTANT_CONVERSION = YES;
				CLANG_WARN_DEPRECATED_OBJC_IMPLEMENTATIONS = YES;
				CLANG_WARN_DIRECT_OBJC_ISA_USAGE = YES_ERROR;
				CLANG_WARN_DOCUMENTATION_COMMENTS = YES;
				CLANG_WARN_EMPTY_BODY = YES;
				CLANG_WARN_ENUM_CONVERSION = YES;
				CLANG_WARN_INFINITE_RECURSION = YES;
				CLANG_WARN_INT_CONVERSION = YES;
				CLANG_WARN_NON_LITERAL_NULL_CONVERSION = YES;
				CLANG_WARN_OBJC_IMPLICIT_RETAIN_SELF = YES;
				CLANG_WARN_OBJC_LITERAL_CONVERSION = YES;
				CLANG_WARN_OBJC_ROOT_CLASS = YES_ERROR;
				CLANG_WARN_QUOTED_INCLUDE_IN_FRAMEWORK_HEADER = YES;
				CLANG_WARN_RANGE_LOOP_ANALYSIS = YES;
				CLANG_WARN_STRICT_PROTOTYPES = YES;
				CLANG_WARN_SUSPICIOUS_MOVE = YES;
				CLANG_WARN_UNGUARDED_AVAILABILITY = YES_AGGRESSIVE;
				CLANG_WARN_UNREACHABLE_CODE = YES;
				CLANG_WARN__DUPLICATE_METHOD_MATCH = YES;
				COPY_PHASE_STRIP = NO;
				DEBUG_INFORMATION_FORMAT = "dwarf-with-dsym";
				ENABLE_NS_ASSERTIONS = NO;
				ENABLE_STRICT_OBJC_MSGSEND = YES;
				ENABLE_USER_SCRIPT_SANDBOXING = YES;
				GCC_C_LANGUAGE_STANDARD = gnu17;
				GCC_NO_COMMON_BLOCKS = YES;
				GCC_WARN_64_TO_32_BIT_CONVERSION = YES;
				GCC_WARN_ABOUT_RETURN_TYPE = YES_ERROR;
				GCC_WARN_UNDECLARED_SELECTOR = YES;
				GCC_WARN_UNINITIALIZED_AUTOS = YES_AGGRESSIVE;
				GCC_WARN_UNUSED_FUNCTION = YES;
				GCC_WARN_UNUSED_VARIABLE = YES;
				IPHONEOS_DEPLOYMENT_TARGET = 17.0;
				LOCALIZATION_PREFERS_STRING_CATALOGS = YES;
				MTL_ENABLE_DEBUG_INFO = NO;
				MTL_FAST_MATH = YES;
				SDKROOT = iphoneos;
				SWIFT_COMPILATION_MODE = wholemodule;
				VALIDATE_PRODUCT = YES;
			};
			name = Release;
		};
		5DD06FE62AE6F84200AC3ECB /* Debug */ = {
			isa = XCBuildConfiguration;
			buildSettings = {
				ASSETCATALOG_COMPILER_APPICON_NAME = AppIcon;
				ASSETCATALOG_COMPILER_GLOBAL_ACCENT_COLOR_NAME = AccentColor;
				CODE_SIGN_STYLE = Automatic;
				CURRENT_PROJECT_VERSION = 1;
				DEVELOPMENT_TEAM = 9GK3478S4Z;
				GENERATE_INFOPLIST_FILE = YES;
				INFOPLIST_FILE = "KP-DragonBall-iOSAdvanced/Info.plist";
				INFOPLIST_KEY_UIApplicationSupportsIndirectInputEvents = YES;
				INFOPLIST_KEY_UILaunchStoryboardName = LaunchScreen;
				INFOPLIST_KEY_UIMainStoryboardFile = Main;
				INFOPLIST_KEY_UISupportedInterfaceOrientations_iPad = "UIInterfaceOrientationPortrait UIInterfaceOrientationPortraitUpsideDown UIInterfaceOrientationLandscapeLeft UIInterfaceOrientationLandscapeRight";
				INFOPLIST_KEY_UISupportedInterfaceOrientations_iPhone = "UIInterfaceOrientationPortrait UIInterfaceOrientationLandscapeLeft UIInterfaceOrientationLandscapeRight";
				LD_RUNPATH_SEARCH_PATHS = (
					"$(inherited)",
					"@executable_path/Frameworks",
				);
				MARKETING_VERSION = 1.0;
				PRODUCT_BUNDLE_IDENTIFIER = "com.DanielCazorro.KP-DragonBall-iOSAdvanced";
				PRODUCT_NAME = "$(TARGET_NAME)";
				SWIFT_EMIT_LOC_STRINGS = YES;
				SWIFT_VERSION = 5.0;
				TARGETED_DEVICE_FAMILY = "1,2";
			};
			name = Debug;
		};
		5DD06FE72AE6F84200AC3ECB /* Release */ = {
			isa = XCBuildConfiguration;
			buildSettings = {
				ASSETCATALOG_COMPILER_APPICON_NAME = AppIcon;
				ASSETCATALOG_COMPILER_GLOBAL_ACCENT_COLOR_NAME = AccentColor;
				CODE_SIGN_STYLE = Automatic;
				CURRENT_PROJECT_VERSION = 1;
				DEVELOPMENT_TEAM = 9GK3478S4Z;
				GENERATE_INFOPLIST_FILE = YES;
				INFOPLIST_FILE = "KP-DragonBall-iOSAdvanced/Info.plist";
				INFOPLIST_KEY_UIApplicationSupportsIndirectInputEvents = YES;
				INFOPLIST_KEY_UILaunchStoryboardName = LaunchScreen;
				INFOPLIST_KEY_UIMainStoryboardFile = Main;
				INFOPLIST_KEY_UISupportedInterfaceOrientations_iPad = "UIInterfaceOrientationPortrait UIInterfaceOrientationPortraitUpsideDown UIInterfaceOrientationLandscapeLeft UIInterfaceOrientationLandscapeRight";
				INFOPLIST_KEY_UISupportedInterfaceOrientations_iPhone = "UIInterfaceOrientationPortrait UIInterfaceOrientationLandscapeLeft UIInterfaceOrientationLandscapeRight";
				LD_RUNPATH_SEARCH_PATHS = (
					"$(inherited)",
					"@executable_path/Frameworks",
				);
				MARKETING_VERSION = 1.0;
				PRODUCT_BUNDLE_IDENTIFIER = "com.DanielCazorro.KP-DragonBall-iOSAdvanced";
				PRODUCT_NAME = "$(TARGET_NAME)";
				SWIFT_EMIT_LOC_STRINGS = YES;
				SWIFT_VERSION = 5.0;
				TARGETED_DEVICE_FAMILY = "1,2";
			};
			name = Release;
		};
		5DD06FE92AE6F84200AC3ECB /* Debug */ = {
			isa = XCBuildConfiguration;
			buildSettings = {
				ALWAYS_EMBED_SWIFT_STANDARD_LIBRARIES = YES;
				BUNDLE_LOADER = "$(TEST_HOST)";
				CODE_SIGN_STYLE = Automatic;
				CURRENT_PROJECT_VERSION = 1;
				DEVELOPMENT_TEAM = 9GK3478S4Z;
				GENERATE_INFOPLIST_FILE = YES;
				IPHONEOS_DEPLOYMENT_TARGET = 17.0;
				MARKETING_VERSION = 1.0;
				PRODUCT_BUNDLE_IDENTIFIER = "com.DanielCazorro.KP-DragonBall-iOSAdvancedTests";
				PRODUCT_NAME = "$(TARGET_NAME)";
				SWIFT_EMIT_LOC_STRINGS = NO;
				SWIFT_VERSION = 5.0;
				TARGETED_DEVICE_FAMILY = "1,2";
				TEST_HOST = "$(BUILT_PRODUCTS_DIR)/KP-DragonBall-iOSAdvanced.app/$(BUNDLE_EXECUTABLE_FOLDER_PATH)/KP-DragonBall-iOSAdvanced";
			};
			name = Debug;
		};
		5DD06FEA2AE6F84200AC3ECB /* Release */ = {
			isa = XCBuildConfiguration;
			buildSettings = {
				ALWAYS_EMBED_SWIFT_STANDARD_LIBRARIES = YES;
				BUNDLE_LOADER = "$(TEST_HOST)";
				CODE_SIGN_STYLE = Automatic;
				CURRENT_PROJECT_VERSION = 1;
				DEVELOPMENT_TEAM = 9GK3478S4Z;
				GENERATE_INFOPLIST_FILE = YES;
				IPHONEOS_DEPLOYMENT_TARGET = 17.0;
				MARKETING_VERSION = 1.0;
				PRODUCT_BUNDLE_IDENTIFIER = "com.DanielCazorro.KP-DragonBall-iOSAdvancedTests";
				PRODUCT_NAME = "$(TARGET_NAME)";
				SWIFT_EMIT_LOC_STRINGS = NO;
				SWIFT_VERSION = 5.0;
				TARGETED_DEVICE_FAMILY = "1,2";
				TEST_HOST = "$(BUILT_PRODUCTS_DIR)/KP-DragonBall-iOSAdvanced.app/$(BUNDLE_EXECUTABLE_FOLDER_PATH)/KP-DragonBall-iOSAdvanced";
			};
			name = Release;
		};
		5DD06FEC2AE6F84200AC3ECB /* Debug */ = {
			isa = XCBuildConfiguration;
			buildSettings = {
				ALWAYS_EMBED_SWIFT_STANDARD_LIBRARIES = YES;
				CODE_SIGN_STYLE = Automatic;
				CURRENT_PROJECT_VERSION = 1;
				DEVELOPMENT_TEAM = 9GK3478S4Z;
				GENERATE_INFOPLIST_FILE = YES;
				MARKETING_VERSION = 1.0;
				PRODUCT_BUNDLE_IDENTIFIER = "com.DanielCazorro.KP-DragonBall-iOSAdvancedUITests";
				PRODUCT_NAME = "$(TARGET_NAME)";
				SWIFT_EMIT_LOC_STRINGS = NO;
				SWIFT_VERSION = 5.0;
				TARGETED_DEVICE_FAMILY = "1,2";
				TEST_TARGET_NAME = "KP-DragonBall-iOSAdvanced";
			};
			name = Debug;
		};
		5DD06FED2AE6F84200AC3ECB /* Release */ = {
			isa = XCBuildConfiguration;
			buildSettings = {
				ALWAYS_EMBED_SWIFT_STANDARD_LIBRARIES = YES;
				CODE_SIGN_STYLE = Automatic;
				CURRENT_PROJECT_VERSION = 1;
				DEVELOPMENT_TEAM = 9GK3478S4Z;
				GENERATE_INFOPLIST_FILE = YES;
				MARKETING_VERSION = 1.0;
				PRODUCT_BUNDLE_IDENTIFIER = "com.DanielCazorro.KP-DragonBall-iOSAdvancedUITests";
				PRODUCT_NAME = "$(TARGET_NAME)";
				SWIFT_EMIT_LOC_STRINGS = NO;
				SWIFT_VERSION = 5.0;
				TARGETED_DEVICE_FAMILY = "1,2";
				TEST_TARGET_NAME = "KP-DragonBall-iOSAdvanced";
			};
			name = Release;
		};
/* End XCBuildConfiguration section */

/* Begin XCConfigurationList section */
		5DD06FB32AE6F84000AC3ECB /* Build configuration list for PBXProject "KP-DragonBall-iOSAdvanced" */ = {
			isa = XCConfigurationList;
			buildConfigurations = (
				5DD06FE32AE6F84200AC3ECB /* Debug */,
				5DD06FE42AE6F84200AC3ECB /* Release */,
			);
			defaultConfigurationIsVisible = 0;
			defaultConfigurationName = Release;
		};
		5DD06FE52AE6F84200AC3ECB /* Build configuration list for PBXNativeTarget "KP-DragonBall-iOSAdvanced" */ = {
			isa = XCConfigurationList;
			buildConfigurations = (
				5DD06FE62AE6F84200AC3ECB /* Debug */,
				5DD06FE72AE6F84200AC3ECB /* Release */,
			);
			defaultConfigurationIsVisible = 0;
			defaultConfigurationName = Release;
		};
		5DD06FE82AE6F84200AC3ECB /* Build configuration list for PBXNativeTarget "KP-DragonBall-iOSAdvancedTests" */ = {
			isa = XCConfigurationList;
			buildConfigurations = (
				5DD06FE92AE6F84200AC3ECB /* Debug */,
				5DD06FEA2AE6F84200AC3ECB /* Release */,
			);
			defaultConfigurationIsVisible = 0;
			defaultConfigurationName = Release;
		};
		5DD06FEB2AE6F84200AC3ECB /* Build configuration list for PBXNativeTarget "KP-DragonBall-iOSAdvancedUITests" */ = {
			isa = XCConfigurationList;
			buildConfigurations = (
				5DD06FEC2AE6F84200AC3ECB /* Debug */,
				5DD06FED2AE6F84200AC3ECB /* Release */,
			);
			defaultConfigurationIsVisible = 0;
			defaultConfigurationName = Release;
		};
/* End XCConfigurationList section */

/* Begin XCRemoteSwiftPackageReference section */
		5D713EA82AE8FCCA00B9E9B8 /* XCRemoteSwiftPackageReference "keychain-swift" */ = {
			isa = XCRemoteSwiftPackageReference;
			repositoryURL = "https://github.com/evgenyneu/keychain-swift.git";
			requirement = {
				kind = upToNextMajorVersion;
				minimumVersion = 20.0.0;
			};
		};
/* End XCRemoteSwiftPackageReference section */

/* Begin XCSwiftPackageProductDependency section */
		5D713EA92AE8FCCA00B9E9B8 /* KeychainSwift */ = {
			isa = XCSwiftPackageProductDependency;
			package = 5D713EA82AE8FCCA00B9E9B8 /* XCRemoteSwiftPackageReference "keychain-swift" */;
			productName = KeychainSwift;
		};
/* End XCSwiftPackageProductDependency section */

/* Begin XCVersionGroup section */
		5DD06FC42AE6F84000AC3ECB /* KP_DragonBall_iOSAdvanced.xcdatamodeld */ = {
			isa = XCVersionGroup;
			children = (
				5DD06FC52AE6F84000AC3ECB /* KP_DragonBall_iOSAdvanced.xcdatamodel */,
			);
			currentVersion = 5DD06FC52AE6F84000AC3ECB /* KP_DragonBall_iOSAdvanced.xcdatamodel */;
			path = KP_DragonBall_iOSAdvanced.xcdatamodeld;
			sourceTree = "<group>";
			versionGroupType = wrapper.xcdatamodel;
		};
/* End XCVersionGroup section */
	};
	rootObject = 5DD06FB02AE6F84000AC3ECB /* Project object */;
}
